net.ourpowerbase.sumfields,https://git.progressivetech.org/extensions/net.ourpowerbase.sumfields.git,df15908b7d49d76aec76724bd735c4cb765b3666
cc.tadpole.petitionemail,https://git.progressivetech.org/extensions/cc.tadpole.petitionemail,cbff1ea203586dba044c5493b47a157c3ff528e5
com.aghstrategies.petitionemail,https://github.com/progressivetech/com.aghstrategies.petitionemail,3fa562f7cd1c60e125a81a8468da1df56a0ba2cd
com.aghstrategies.statelegemail,https://github.com/progressivetech/com.aghstrategies.statelegemail,5ab2d034bb4016c51beb1dbbdf0de81560a2d554
net.ourpowerbase.report.advancedfundraising,https://git.progressivetech.org/extensions/net.ourpowerbase.report.advancedfundraising,ba6e136f5b58ec3fc42647b8fb40e9a16d768449
net.ourpowerbase.badgeup,https://git.progressivetech.org/extensions/net.ourpowerbase.badgeup.git,9c3bfdd18fdb9e631c90b791c329f674d100f784
net.ourpowerbase.quickentry,https://git.progressivetech.org/extensions/net.ourpowerbase.quickentry.git,9ac2582db4427b64802066d6f5edada619e57bb5
net.ourpowerbase.surveylinks,https://git.progressivetech.org/extensions/net.ourpowerbase.surveylinks.git,2a200f500759d31a52c55e45a87f6a30cf53add2
net.ourpowerbase.engage,https://git.progressivetech.org/extensions/net.ourpowerbase.engage.git,41a9b393e7e59efa2e954c922a50b431468fad51
com.webaccessglobal.module.civimobile,https://github.com/webaccess/com.webaccessglobal.module.civimobile,114980fbb78614c24c462c0ccd97a4abc2e3ee54
noverwrite,https://github.com/TechToThePeople/noverwrite,17296f892b8ab91ee4f687612a3779c6bd88aa84
net.ourpowerbase.search.eventcount,https://git.progressivetech.org/extensions/net.ourpowerbase.search.eventcount.git,c71611587347e2929bc9a7294431cacdbd9f73f2
net.ourpowerbase.report.dbhealth,https://git.progressivetech.org/extensions/net.ourpowerbase.report.dbhealth.git,be4e31631c1fa0c1ba9df8e4c117c81f56f093b8
net.ourpowerbase.assessment,https://git.progressivetech.org/extensions/net.ourpowerbase.assessment.git,be711706afec1db2faec36d24857409e9d12f656
net.ourpowerbase.search.supersearch,https://git.progressivetech.org/extensions/net.ourpowerbase.search.supersearch.git,fc3bf768e936e98366e7d2cbaf8c85dc1ea08fa1
net.ourpowerbase.search.supersearchvsea,https://git.progressivetech.org/extensions/net.ourpowerbase.search.supersearchvsea.git,1ec3c8b38aa37ac16a57fa45c3043ffd1eec53d3
nz.co.fuzion.extendedreport,git://github.com/eileenmcnaughton/nz.co.fuzion.extendedreport.git,fb6790f60761f4a2bf49e2ea71c242fd0a457064
com.iatspayments.civicrm,https://github.com/iATSPayments/com.iatspayments.civicrm.git,f6188b739dce0731c6234aa8f5ba83fa6cdd6dfe
org.civicrm.sms.clickatell,https://github.com/veda-consulting/org.civicrm.sms.clickatell,aca99ae2f785d63034ff7aa3ea5191ea82ad0653
org.civicrm.sms.twilio,https://github.com/civicrm/org.civicrm.sms.twilio.git,494728cf13bb65c228429665c158d899cd7e6dc1
org.civicrm.module.cividiscount,https://github.com/dlobo/org.civicrm.module.cividiscount,769726f2a366a15a311fe7e8dceed26adf8d6571
com.aghstrategies.uscounties,https://github.com/agh1/com.aghstrategies.uscounties.git,c02eedf0731cac7df3e334e03255d7a85b5fa6b5
stripe,https://lab.civicrm.org/extensions/stripe.git,17e7f9e366d275e68927a7a60129750df0f5e223
firewall,https://lab.civicrm.org/extensions/firewall.git,33cd712c5804209561e50cd8125bc282af865ada
mjwshared,https://lab.civicrm.org/extensions/mjwshared.git,7cfb7a29d1fbb14bf72b1f84a39af86bd6739ffd
civisualize,https://github.com/TechToThePeople/civisualize.git,fe54519f0d1504218bd6ddcaa736ccd952b9b935
org.civicrm.volunteer,https://github.com/civicrm/org.civicrm.volunteer.git,46b5a9f39b1fa139d7060f3b1d5a0d76e7d636f6
angularprofiles,https://lab.civicrm.org/extensions/angularprofiles.git,43286551a5df5c2c979516965293396272839360
com.webaccessglobal.simpledonate,https://github.com/progressivetech/com.webaccessglobal.simpledonate.git,911c58ac7b4096c2945a7ad37f4d087d68d6688d
net.ourpowerbase.merge,https://git.progressivetech.org/extensions/net.ourpowerbase.merge.git,1a5cf50c648e526dde73b96ef77b4124879b3721
net.ourpowerbase.search.cjcase,https://git.progressivetech.org/extensions/net.ourpowerbase.search.cjcase.git,51d20f9015bf00e0cad9376ecc8f888d6a039a84
civirules,https://lab.civicrm.org/extensions/civirules.git,5a9d89cde768217f51bfb2da3b384afb3e7b0226
emailapi,https://lab.civicrm.org/extensions/emailapi.git,4fa95e25a934e3b9964bb73ab1f3ce239c812fdb
com.cividesk.normalize,https://github.com/cividesk/com.cividesk.normalize.git,ed20e9e1947d78e3626501c6a3e0483333c0875a
net.ourpowerbase.ptp,https://git.progressivetech.org/extensions/net.ourpowerbase.ptp.git,8078b3f4346d6ae60fef8600446a6ace94cf8d69
de.systopia.osm,https://github.com/systopia/de.systopia.osm,1c694eaa57643c5f9f8d4d6833908937f54d7bcf
uk.co.vedaconsulting.mosaico,https://download.civicrm.org/extension/uk.co.vedaconsulting.mosaico/2.7.1621893607/uk.co.vedaconsulting.mosaico-2.7.1621893607.zip,
org.civicrm.shoreditch,https://github.com/civicrm/org.civicrm.shoreditch.git,f91520de81486f3def99f7217121f4a7e5496f96
net.ourpowerbase.exportpermission,https://git.progressivetech.org/extensions/net.ourpowerbase.exportpermission.git,c13a893f16fec9ebaf9be9bca68e9af970fc3aac
uk.co.vedaconsulting.mailchimp,https://github.com/veda-consulting/uk.co.vedaconsulting.mailchimp.git,fb3e41f4ea23efc314a8773e07ec8e628886de92
nz.co.fuzion.notificationlog,https://github.com/eileenmcnaughton/nz.co.fuzion.notificationlog,6ab5c83098e4370926f5eec206cd1ed68fa33c26
net.ourpowerbase.gbm,https://git.progressivetech.org/extensions/net.ourpowerbase.gbm,7c4e04fed60d9d6c30ee021eedde55701a9f478f
coop.palantetech.nosmsurltracking,https://github.com/PalanteJon/coop.palantetech.nosmsurltracking,d3b3de61781824f2512552f17a521248ce9468bf
uk.co.vedaconsulting.multipleparticipantroleforevent,https://github.com/veda-consulting/uk.co.vedaconsulting.multipleparticipantroleforevent,218dbdca81027f9c18ed79e15b0e44b17b0b789c
net.ourpowerbase.leftforum,https://git.progressivetech.org/extensions/net.ourpowerbase.leftforum,7fd1ef3084aa2216ca3759137523ae29ee201f85
net.ourpowerbase.donortracking,https://git.progressivetech.org/extensions/net.ourpowerbase.donortracking,3239c77ab020a5ef897f621a67e721483197f622
net.ourpowerbase.profiles,https://git.progressivetech.org/extensions/net.ourpowerbase.profiles,b28338af6f76c25b68d0559d0b4c6cccebf8cdb1
com.megaphonetech.fastactionlinks,https://github.com/MegaphoneJon/com.megaphonetech.fastactionlinks,36dc8f9ff4be0b45252d62a7c34e8be592880eba
uk.co.mjwconsult.checksum,https://github.com/mattwire/uk.co.mjwconsult.checksum.git,fe5ad5cb3a295c31da2036334e62b08dc26fef8a
net.ourpowerbase.registermore,https://git.progressivetech.org/extensions/net.ourpowerbase.registermore,624dc79bd76731580b2b2516e298d351b35b03d5
net.ourpowerbase.qrcodecheckin,https://git.progressivetech.org/extensions/net.ourpowerbase.qrcodecheckin,31d2cec68610a1f2cdc330f17d843b6f68eb2dcd
nz.co.fuzion.csvimport,https://github.com/eileenmcnaughton/nz.co.fuzion.csvimport.git,fcbbd7593fa8d23ddf0c8b77de549d107109e576
bugp,https://lab.jmaconsulting.biz/extensions/bugp.git,c6eae2f354cb312daba977f93d2248be315dc0fc
biz.jmaconsulting.printgrantpdfs,https://github.com/JMAConsulting/biz.jmaconsulting.printgrantpdfs.git,413874f965e17533e9c2cc8d39a12797ca57fa06
biz.jmaconsulting.grantapplications,https://github.com/JMAConsulting/biz.jmaconsulting.grantapplications,aeeeb7596d70e68d8db3b4c533aa3b8e58499e89
com.joineryhq.jsumfields,https://github.com/twomice/com.joineryhq.jsumfields,28377a4af0a795b5eb07358f6699012ba883c3f1
org.wikimedia.relationshipblock,https://github.com/eileenmcnaughton/org.wikimedia.relationshipblock,07b26bdbaf859a204286692e625516ac7955ed65
net.ourpowerbase.remoteform,https://git.progressivetech.org/extensions/net.ourpowerbase.remoteform,88d91eb32fb89ecc180709877ce42bb175627b31
civimobileapi,https://lab.civicrm.org/extensions/civimobileapi.git,6f4579ab31a67b076f81f47b966a612d3dac077d
net.ourpowerbase.sqlexport,https://git.progressivetech.org/extensions/net.ourpowerbase.sqlexport,f6df673801fa6c760ee0b6756c0ccbb362a31c78
net.ourpowerbase.constituentfields,https://git.progressivetech.org/extensions/net.ourpowerbase.constituentfields,28cecca19fd5214f3a89e75dd3f64d670ceee3c1
net.ourpowerbase.foundationfields,https://git.progressivetech.org/extensions/net.ourpowerbase.foundationfields,798614f1ebb1605ff8c3bc71833ce569785146e1
net.ourpowerbase.mediafields,https://git.progressivetech.org/extensions/net.ourpowerbase.mediafields,b0e032ddeef8f5109d77788efe085275b0b4e583
net.ourpowerbase.participantfields,https://git.progressivetech.org/extensions/net.ourpowerbase.participantfields,e852c5426461950c8d5263604790d644197bf067
net.ourpowerbase.voterfields,https://git.progressivetech.org/extensions/net.ourpowerbase.voterfields,61be4e5615cc4ced4d1e0eae5b3159f193c75d36
net.ourpowerbase.turnout,https://git.progressivetech.org/extensions/net.ourpowerbase.turnout,6582461d8b0783644d78feb93231f9c8793f3c25
net.ourpowerbase.spouse,https://git.progressivetech.org/extensions/net.ourpowerbase.spouse,05abf46ee151878aa77a54e0c49da184485a51dd
net.ourpowerbase.setup,https://git.progressivetech.org/extensions/net.ourpowerbase.setup,3eb51dc79e85afc2b8658e6db3e7c66429a5433b
org.civicrm.contactlayout,https://github.com/civicrm/org.civicrm.contactlayout,41f162078e7ae1fd874796622df6828602f94ffe
net.ourpowerbase.onenorthside,https://git.progressivetech.org/extensions/net.ourpowerbase.onenorthside,e16c434dbaf8c779601b98c9c91790c2f7c170a7
org.namelessnetwork.birthdaysbymonth,https://bitbucket.org/jmcclelland/org.namelessnetwork.birthdaysbymonth,27c065b220af4bec83bf4e0b6c03b7dcdf83ea58
uk.co.compucorp.civicrm.pivotreport,https://github.com/compucorp/uk.co.compucorp.civicrm.pivotreport,7449ac75bafc939e180f1d6b75e1a2f8bc419b2c
reportplus,https://lab.civicrm.org/extensions/reportplus.git,08090b61475f73453a5f8b5221fd90e13f6bc14a
net.ourpowerbase.authnetapi,https://git.progressivetech.org/extensions/net.ourpowerbase.authnetapi,bcce32dc7cb4ec63f16e045dc811b630580e04ca
org.civicrm.recentmenu,https://github.com/civicrm/org.civicrm.recentmenu,b09c7cd73629c49a3507d8d00bbd05af5fcf7144
nz.co.fuzion.extrafee,https://github.com/fuzionnz/nz.co.fuzion.extrafee,ba7ef0154f2642d10d9a00395837362211bd095e
net.ourpowerbase.qdep,https://git.progressivetech.org/extensions/net.ourpowerbase.qdep,c7130138429d31cf3babf55bf7c3d499c0977d6b
org.civicrm.doctorwhen,https://github.com/civicrm/org.civicrm.doctorwhen,b809a47ba7b29dee1958b66ef20a5664b658be41
sweetalert,https://lab.civicrm.org/extensions/sweetalert.git,5509845a60bb647f3b97e01d6a6017fa71118935
nz.co.fuzion.deleteoldbulkmailings,https://github.com/jitendrapurohit/nz.co.fuzion.deleteoldbulkmailings,2d06aee1ae8bbfe28f78cf74a9ca8c78b974838b
contributiontransactlegacy,https://lab.civicrm.org/extensions/contributiontransactlegacy.git,e4e01616486f64209c660c777b13728f873683f0
callnext,https://lab.civicrm.org/extensions/callnext.git,cee42a123f5d187e58d2ca471574384ffdbcba8c
org.civicrm.civicase,https://github.com/civicrm/org.civicrm.civicase,9c9b762588810b80a81b009df533eddbecbd00ae
com.agiliway.civicalendar,https://github.com/agiliway/com.agiliway.civicalendar,a7f6d9c2aab38fe0efdb2435fc3a006e363bbf29
de.systopia.birthdays,https://github.com/systopia/de.systopia.birthdays,2f2186126e33b44f593001349daab0ed0eb1b55d
coop.palantetech.countylookup,https://github.com/MegaphoneJon/coop.palantetech.countylookup,bdaa4ae4d176985be5e9a8cd1f4aafff1b3cad2b
net.ourpowerbase.report.allcontactinfo,https://git.progressivetech.org/extensions/net.ourpowerbase.report.allcontactinfo,4e3fb2ccf37265cf32d93b76e0125256293ef765
contributeprogress,https://lab.civicrm.org/extensions/contributeprogress.git,f11ef9a7b498f20bd62b2eba0baac55934bb6300
SMS-Inbox,https://github.com/JohnFF/SMS-Inbox,3f4e36c1540926609545cbef78dea06ddff10649
de.systopia.relationreport,https://github.com/systopia/de.systopia.relationreport,f086e83343e6200acac30c382ba8a45f182d4038
net.ourpowerbase.signagain,https://git.progressivetech.org/extensions/net.ourpowerbase.signagain,3afc1d434784cbf1e05476b1a677e0341c10ffd9
radiobuttons,https://lab.civicrm.org/jamie/radiobuttons.git/,925e1c562d6c9d4c530a376f30d8db4a2aafd272
recurringbuttons,https://lab.civicrm.org/extensions/recurringbuttons.git/,476b930192b3868c882f8fae3ee61eac9aa9ffe6
pricesetbuttons,https://lab.civicrm.org/jamie/pricesetbuttons.git/,3a34f526fb83a7dc18034ec7e3169e87f828fa8e
com.jlacey.electoral,https://github.com/MegaphoneJon/com.jlacey.electoral,1e8631e47467f8374e69c5f3314861dfb257ad02
net.ourpowerbase.templateredact,https://git.progressivetech.org/extensions/net.ourpowerbase.templateredact,c15d16031e1113c8b74bec78fa35f07991e239f2
mosaicomsgtpl,https://lab.civicrm.org/extensions/mosaicomsgtpl.git,d4f75a5ddaa2ab0e8bf1b8296937c7b06be6da68
